// !$*UTF8*$!
{
	archiveVersion = 1;
	classes = {
	};
	objectVersion = 50;
	objects = {

/* Begin PBXBuildFile section */
		C433977C250D72BB00979775 /* RepositoryTableViewCell.xib in Resources */ = {isa = PBXBuildFile; fileRef = C433977B250D72BB00979775 /* RepositoryTableViewCell.xib */; };
		C433977E250D74B100979775 /* RepositoryTableViewCell.swift in Sources */ = {isa = PBXBuildFile; fileRef = C433977D250D74B100979775 /* RepositoryTableViewCell.swift */; };
		C45DF02B250D2631003017BD /* AppDelegate.swift in Sources */ = {isa = PBXBuildFile; fileRef = C45DF02A250D2631003017BD /* AppDelegate.swift */; };
		C45DF02D250D2631003017BD /* SceneDelegate.swift in Sources */ = {isa = PBXBuildFile; fileRef = C45DF02C250D2631003017BD /* SceneDelegate.swift */; };
		C45DF02F250D2631003017BD /* RepositoriesViewController.swift in Sources */ = {isa = PBXBuildFile; fileRef = C45DF02E250D2631003017BD /* RepositoriesViewController.swift */; };
		C45DF032250D2632003017BD /* Main.storyboard in Resources */ = {isa = PBXBuildFile; fileRef = C45DF030250D2632003017BD /* Main.storyboard */; };
		C45DF034250D2633003017BD /* Assets.xcassets in Resources */ = {isa = PBXBuildFile; fileRef = C45DF033250D2633003017BD /* Assets.xcassets */; };
		C45DF037250D2633003017BD /* LaunchScreen.storyboard in Resources */ = {isa = PBXBuildFile; fileRef = C45DF035250D2633003017BD /* LaunchScreen.storyboard */; };
		C45DF040250D279B003017BD /* RestManager.swift in Sources */ = {isa = PBXBuildFile; fileRef = C45DF03F250D279B003017BD /* RestManager.swift */; };
		C45DF043250D2A77003017BD /* GitHubRepositoryModel.swift in Sources */ = {isa = PBXBuildFile; fileRef = C45DF042250D2A77003017BD /* GitHubRepositoryModel.swift */; };
		C45DF045250D2BE3003017BD /* GitHubOwnerModel.swift in Sources */ = {isa = PBXBuildFile; fileRef = C45DF044250D2BE3003017BD /* GitHubOwnerModel.swift */; };
		C45DF048250D2CB5003017BD /* RepositoriesViewModel.swift in Sources */ = {isa = PBXBuildFile; fileRef = C45DF047250D2CB5003017BD /* RepositoriesViewModel.swift */; };
		C4D6AEFA250D40C00090D22F /* BitBucketRepositoriesModel.swift in Sources */ = {isa = PBXBuildFile; fileRef = C4D6AEF9250D40C00090D22F /* BitBucketRepositoriesModel.swift */; };
		C4D6AEFC250D40CE0090D22F /* BitBucketRepositoryModel.swift in Sources */ = {isa = PBXBuildFile; fileRef = C4D6AEFB250D40CE0090D22F /* BitBucketRepositoryModel.swift */; };
		C4D6AEFE250D40D70090D22F /* BitBucketOwnerModel.swift in Sources */ = {isa = PBXBuildFile; fileRef = C4D6AEFD250D40D70090D22F /* BitBucketOwnerModel.swift */; };
		C4D6AF00250D42230090D22F /* BitBucketLinksModel.swift in Sources */ = {isa = PBXBuildFile; fileRef = C4D6AEFF250D42230090D22F /* BitBucketLinksModel.swift */; };
		C4D6AF02250D43FA0090D22F /* BitBucketLinkModel.swift in Sources */ = {isa = PBXBuildFile; fileRef = C4D6AF01250D43FA0090D22F /* BitBucketLinkModel.swift */; };
		C4D6AF04250D49D30090D22F /* UniversalRepositoryModel.swift in Sources */ = {isa = PBXBuildFile; fileRef = C4D6AF03250D49D30090D22F /* UniversalRepositoryModel.swift */; };
		C4D6AF06250D55130090D22F /* WebViewController.swift in Sources */ = {isa = PBXBuildFile; fileRef = C4D6AF05250D55130090D22F /* WebViewController.swift */; };
/* End PBXBuildFile section */

/* Begin PBXFileReference section */
		C433977B250D72BB00979775 /* RepositoryTableViewCell.xib */ = {isa = PBXFileReference; lastKnownFileType = file.xib; path = RepositoryTableViewCell.xib; sourceTree = "<group>"; };
		C433977D250D74B100979775 /* RepositoryTableViewCell.swift */ = {isa = PBXFileReference; lastKnownFileType = sourcecode.swift; path = RepositoryTableViewCell.swift; sourceTree = "<group>"; };
		C45DF027250D2631003017BD /* RepoWatcher.app */ = {isa = PBXFileReference; explicitFileType = wrapper.application; includeInIndex = 0; path = RepoWatcher.app; sourceTree = BUILT_PRODUCTS_DIR; };
		C45DF02A250D2631003017BD /* AppDelegate.swift */ = {isa = PBXFileReference; lastKnownFileType = sourcecode.swift; path = AppDelegate.swift; sourceTree = "<group>"; };
		C45DF02C250D2631003017BD /* SceneDelegate.swift */ = {isa = PBXFileReference; lastKnownFileType = sourcecode.swift; path = SceneDelegate.swift; sourceTree = "<group>"; };
		C45DF02E250D2631003017BD /* RepositoriesViewController.swift */ = {isa = PBXFileReference; lastKnownFileType = sourcecode.swift; path = RepositoriesViewController.swift; sourceTree = "<group>"; };
		C45DF031250D2632003017BD /* Base */ = {isa = PBXFileReference; lastKnownFileType = file.storyboard; name = Base; path = Base.lproj/Main.storyboard; sourceTree = "<group>"; };
		C45DF033250D2633003017BD /* Assets.xcassets */ = {isa = PBXFileReference; lastKnownFileType = folder.assetcatalog; path = Assets.xcassets; sourceTree = "<group>"; };
		C45DF036250D2633003017BD /* Base */ = {isa = PBXFileReference; lastKnownFileType = file.storyboard; name = Base; path = Base.lproj/LaunchScreen.storyboard; sourceTree = "<group>"; };
		C45DF038250D2633003017BD /* Info.plist */ = {isa = PBXFileReference; lastKnownFileType = text.plist.xml; path = Info.plist; sourceTree = "<group>"; };
		C45DF03F250D279B003017BD /* RestManager.swift */ = {isa = PBXFileReference; lastKnownFileType = sourcecode.swift; path = RestManager.swift; sourceTree = "<group>"; };
		C45DF042250D2A77003017BD /* GitHubRepositoryModel.swift */ = {isa = PBXFileReference; lastKnownFileType = sourcecode.swift; path = GitHubRepositoryModel.swift; sourceTree = "<group>"; };
		C45DF044250D2BE3003017BD /* GitHubOwnerModel.swift */ = {isa = PBXFileReference; lastKnownFileType = sourcecode.swift; path = GitHubOwnerModel.swift; sourceTree = "<group>"; };
		C45DF047250D2CB5003017BD /* RepositoriesViewModel.swift */ = {isa = PBXFileReference; lastKnownFileType = sourcecode.swift; path = RepositoriesViewModel.swift; sourceTree = "<group>"; };
		C4D6AEF9250D40C00090D22F /* BitBucketRepositoriesModel.swift */ = {isa = PBXFileReference; lastKnownFileType = sourcecode.swift; path = BitBucketRepositoriesModel.swift; sourceTree = "<group>"; };
		C4D6AEFB250D40CE0090D22F /* BitBucketRepositoryModel.swift */ = {isa = PBXFileReference; lastKnownFileType = sourcecode.swift; path = BitBucketRepositoryModel.swift; sourceTree = "<group>"; };
		C4D6AEFD250D40D70090D22F /* BitBucketOwnerModel.swift */ = {isa = PBXFileReference; lastKnownFileType = sourcecode.swift; path = BitBucketOwnerModel.swift; sourceTree = "<group>"; };
		C4D6AEFF250D42230090D22F /* BitBucketLinksModel.swift */ = {isa = PBXFileReference; lastKnownFileType = sourcecode.swift; path = BitBucketLinksModel.swift; sourceTree = "<group>"; };
		C4D6AF01250D43FA0090D22F /* BitBucketLinkModel.swift */ = {isa = PBXFileReference; lastKnownFileType = sourcecode.swift; path = BitBucketLinkModel.swift; sourceTree = "<group>"; };
		C4D6AF03250D49D30090D22F /* UniversalRepositoryModel.swift */ = {isa = PBXFileReference; lastKnownFileType = sourcecode.swift; path = UniversalRepositoryModel.swift; sourceTree = "<group>"; };
		C4D6AF05250D55130090D22F /* WebViewController.swift */ = {isa = PBXFileReference; lastKnownFileType = sourcecode.swift; path = WebViewController.swift; sourceTree = "<group>"; };
/* End PBXFileReference section */

/* Begin PBXFrameworksBuildPhase section */
		C45DF024250D2631003017BD /* Frameworks */ = {
			isa = PBXFrameworksBuildPhase;
			buildActionMask = 2147483647;
			files = (
			);
			runOnlyForDeploymentPostprocessing = 0;
		};
/* End PBXFrameworksBuildPhase section */

/* Begin PBXGroup section */
		C45DF01E250D2631003017BD = {
			isa = PBXGroup;
			children = (
				C45DF029250D2631003017BD /* RepoWatcher */,
				C45DF028250D2631003017BD /* Products */,
			);
			sourceTree = "<group>";
		};
		C45DF028250D2631003017BD /* Products */ = {
			isa = PBXGroup;
			children = (
				C45DF027250D2631003017BD /* RepoWatcher.app */,
			);
			name = Products;
			sourceTree = "<group>";
		};
		C45DF029250D2631003017BD /* RepoWatcher */ = {
			isa = PBXGroup;
			children = (
				C45DF03E250D278B003017BD /* Helpers */,
				C45DF041250D2A45003017BD /* Models */,
				C45DF046250D2C98003017BD /* ViewModels */,
				C45DF049250D3725003017BD /* Views */,
				C45DF04A250D372A003017BD /* Controllers */,
				C45DF02A250D2631003017BD /* AppDelegate.swift */,
				C45DF02C250D2631003017BD /* SceneDelegate.swift */,
				C45DF035250D2633003017BD /* LaunchScreen.storyboard */,
				C45DF033250D2633003017BD /* Assets.xcassets */,
				C45DF038250D2633003017BD /* Info.plist */,
			);
			path = RepoWatcher;
			sourceTree = "<group>";
		};
		C45DF03E250D278B003017BD /* Helpers */ = {
			isa = PBXGroup;
			children = (
				C45DF03F250D279B003017BD /* RestManager.swift */,
			);
			path = Helpers;
			sourceTree = "<group>";
		};
		C45DF041250D2A45003017BD /* Models */ = {
			isa = PBXGroup;
			children = (
				C4E698A1250E1CAC00762A20 /* GitHub */,
				C4E698A2250E1CB600762A20 /* BitBucket */,
				C4D6AF03250D49D30090D22F /* UniversalRepositoryModel.swift */,
			);
			path = Models;
			sourceTree = "<group>";
		};
		C45DF046250D2C98003017BD /* ViewModels */ = {
			isa = PBXGroup;
			children = (
				C45DF047250D2CB5003017BD /* RepositoriesViewModel.swift */,
			);
			path = ViewModels;
			sourceTree = "<group>";
		};
		C45DF049250D3725003017BD /* Views */ = {
			isa = PBXGroup;
			children = (
				C45DF030250D2632003017BD /* Main.storyboard */,
				C433977B250D72BB00979775 /* RepositoryTableViewCell.xib */,
				C433977D250D74B100979775 /* RepositoryTableViewCell.swift */,
			);
			path = Views;
			sourceTree = "<group>";
		};
		C45DF04A250D372A003017BD /* Controllers */ = {
			isa = PBXGroup;
			children = (
				C45DF02E250D2631003017BD /* RepositoriesViewController.swift */,
				C4D6AF05250D55130090D22F /* WebViewController.swift */,
			);
			path = Controllers;
			sourceTree = "<group>";
		};
		C4E698A1250E1CAC00762A20 /* GitHub */ = {
			isa = PBXGroup;
			children = (
				C45DF042250D2A77003017BD /* GitHubRepositoryModel.swift */,
				C45DF044250D2BE3003017BD /* GitHubOwnerModel.swift */,
			);
			path = GitHub;
			sourceTree = "<group>";
		};
		C4E698A2250E1CB600762A20 /* BitBucket */ = {
			isa = PBXGroup;
			children = (
				C4D6AEF9250D40C00090D22F /* BitBucketRepositoriesModel.swift */,
				C4D6AEFB250D40CE0090D22F /* BitBucketRepositoryModel.swift */,
				C4D6AEFD250D40D70090D22F /* BitBucketOwnerModel.swift */,
				C4D6AEFF250D42230090D22F /* BitBucketLinksModel.swift */,
				C4D6AF01250D43FA0090D22F /* BitBucketLinkModel.swift */,
			);
			path = BitBucket;
			sourceTree = "<group>";
		};
/* End PBXGroup section */

/* Begin PBXNativeTarget section */
		C45DF026250D2631003017BD /* RepoWatcher */ = {
			isa = PBXNativeTarget;
			buildConfigurationList = C45DF03B250D2633003017BD /* Build configuration list for PBXNativeTarget "RepoWatcher" */;
			buildPhases = (
				C45DF023250D2631003017BD /* Sources */,
				C45DF024250D2631003017BD /* Frameworks */,
				C45DF025250D2631003017BD /* Resources */,
			);
			buildRules = (
			);
			dependencies = (
			);
			name = RepoWatcher;
			productName = RepoWatcher;
			productReference = C45DF027250D2631003017BD /* RepoWatcher.app */;
			productType = "com.apple.product-type.application";
		};
/* End PBXNativeTarget section */

/* Begin PBXProject section */
		C45DF01F250D2631003017BD /* Project object */ = {
			isa = PBXProject;
			attributes = {
				LastSwiftUpdateCheck = 1170;
				LastUpgradeCheck = 1170;
				ORGANIZATIONNAME = "Przemysław Kułaga";
				TargetAttributes = {
					C45DF026250D2631003017BD = {
						CreatedOnToolsVersion = 11.7;
					};
				};
			};
			buildConfigurationList = C45DF022250D2631003017BD /* Build configuration list for PBXProject "RepoWatcher" */;
			compatibilityVersion = "Xcode 9.3";
			developmentRegion = en;
			hasScannedForEncodings = 0;
			knownRegions = (
				en,
				Base,
			);
			mainGroup = C45DF01E250D2631003017BD;
			productRefGroup = C45DF028250D2631003017BD /* Products */;
			projectDirPath = "";
			projectRoot = "";
			targets = (
				C45DF026250D2631003017BD /* RepoWatcher */,
			);
		};
/* End PBXProject section */

/* Begin PBXResourcesBuildPhase section */
		C45DF025250D2631003017BD /* Resources */ = {
			isa = PBXResourcesBuildPhase;
			buildActionMask = 2147483647;
			files = (
				C45DF037250D2633003017BD /* LaunchScreen.storyboard in Resources */,
				C45DF034250D2633003017BD /* Assets.xcassets in Resources */,
				C433977C250D72BB00979775 /* RepositoryTableViewCell.xib in Resources */,
				C45DF032250D2632003017BD /* Main.storyboard in Resources */,
			);
			runOnlyForDeploymentPostprocessing = 0;
		};
/* End PBXResourcesBuildPhase section */

/* Begin PBXSourcesBuildPhase section */
		C45DF023250D2631003017BD /* Sources */ = {
			isa = PBXSourcesBuildPhase;
			buildActionMask = 2147483647;
			files = (
				C45DF045250D2BE3003017BD /* GitHubOwnerModel.swift in Sources */,
				C45DF02F250D2631003017BD /* RepositoriesViewController.swift in Sources */,
				C4D6AEFA250D40C00090D22F /* BitBucketRepositoriesModel.swift in Sources */,
				C433977E250D74B100979775 /* RepositoryTableViewCell.swift in Sources */,
				C4D6AF04250D49D30090D22F /* UniversalRepositoryModel.swift in Sources */,
				C45DF043250D2A77003017BD /* GitHubRepositoryModel.swift in Sources */,
				C45DF048250D2CB5003017BD /* RepositoriesViewModel.swift in Sources */,
				C4D6AEFE250D40D70090D22F /* BitBucketOwnerModel.swift in Sources */,
				C45DF040250D279B003017BD /* RestManager.swift in Sources */,
				C4D6AEFC250D40CE0090D22F /* BitBucketRepositoryModel.swift in Sources */,
				C45DF02B250D2631003017BD /* AppDelegate.swift in Sources */,
				C4D6AF00250D42230090D22F /* BitBucketLinksModel.swift in Sources */,
				C4D6AF06250D55130090D22F /* WebViewController.swift in Sources */,
				C4D6AF02250D43FA0090D22F /* BitBucketLinkModel.swift in Sources */,
				C45DF02D250D2631003017BD /* SceneDelegate.swift in Sources */,
			);
			runOnlyForDeploymentPostprocessing = 0;
		};
/* End PBXSourcesBuildPhase section */

/* Begin PBXVariantGroup section */
		C45DF030250D2632003017BD /* Main.storyboard */ = {
			isa = PBXVariantGroup;
			children = (
				C45DF031250D2632003017BD /* Base */,
			);
			name = Main.storyboard;
			sourceTree = "<group>";
		};
		C45DF035250D2633003017BD /* LaunchScreen.storyboard */ = {
			isa = PBXVariantGroup;
			children = (
				C45DF036250D2633003017BD /* Base */,
			);
			name = LaunchScreen.storyboard;
			sourceTree = "<group>";
		};
/* End PBXVariantGroup section */

/* Begin XCBuildConfiguration section */
		C45DF039250D2633003017BD /* Debug */ = {
			isa = XCBuildConfiguration;
			buildSettings = {
				ALWAYS_SEARCH_USER_PATHS = NO;
				CLANG_ANALYZER_NONNULL = YES;
				CLANG_ANALYZER_NUMBER_OBJECT_CONVERSION = YES_AGGRESSIVE;
				CLANG_CXX_LANGUAGE_STANDARD = "gnu++14";
				CLANG_CXX_LIBRARY = "libc++";
				CLANG_ENABLE_MODULES = YES;
				CLANG_ENABLE_OBJC_ARC = YES;
				CLANG_ENABLE_OBJC_WEAK = YES;
				CLANG_WARN_BLOCK_CAPTURE_AUTORELEASING = YES;
				CLANG_WARN_BOOL_CONVERSION = YES;
				CLANG_WARN_COMMA = YES;
				CLANG_WARN_CONSTANT_CONVERSION = YES;
				CLANG_WARN_DEPRECATED_OBJC_IMPLEMENTATIONS = YES;
				CLANG_WARN_DIRECT_OBJC_ISA_USAGE = YES_ERROR;
				CLANG_WARN_DOCUMENTATION_COMMENTS = YES;
				CLANG_WARN_EMPTY_BODY = YES;
				CLANG_WARN_ENUM_CONVERSION = YES;
				CLANG_WARN_INFINITE_RECURSION = YES;
				CLANG_WARN_INT_CONVERSION = YES;
				CLANG_WARN_NON_LITERAL_NULL_CONVERSION = YES;
				CLANG_WARN_OBJC_IMPLICIT_RETAIN_SELF = YES;
				CLANG_WARN_OBJC_LITERAL_CONVERSION = YES;
				CLANG_WARN_OBJC_ROOT_CLASS = YES_ERROR;
				CLANG_WARN_RANGE_LOOP_ANALYSIS = YES;
				CLANG_WARN_STRICT_PROTOTYPES = YES;
				CLANG_WARN_SUSPICIOUS_MOVE = YES;
				CLANG_WARN_UNGUARDED_AVAILABILITY = YES_AGGRESSIVE;
				CLANG_WARN_UNREACHABLE_CODE = YES;
				CLANG_WARN__DUPLICATE_METHOD_MATCH = YES;
				COPY_PHASE_STRIP = NO;
				DEBUG_INFORMATION_FORMAT = dwarf;
				ENABLE_STRICT_OBJC_MSGSEND = YES;
				ENABLE_TESTABILITY = YES;
				GCC_C_LANGUAGE_STANDARD = gnu11;
				GCC_DYNAMIC_NO_PIC = NO;
				GCC_NO_COMMON_BLOCKS = YES;
				GCC_OPTIMIZATION_LEVEL = 0;
				GCC_PREPROCESSOR_DEFINITIONS = (
					"DEBUG=1",
					"$(inherited)",
				);
				GCC_WARN_64_TO_32_BIT_CONVERSION = YES;
				GCC_WARN_ABOUT_RETURN_TYPE = YES_ERROR;
				GCC_WARN_UNDECLARED_SELECTOR = YES;
				GCC_WARN_UNINITIALIZED_AUTOS = YES_AGGRESSIVE;
				GCC_WARN_UNUSED_FUNCTION = YES;
				GCC_WARN_UNUSED_VARIABLE = YES;
				IPHONEOS_DEPLOYMENT_TARGET = 13.7;
				MTL_ENABLE_DEBUG_INFO = INCLUDE_SOURCE;
				MTL_FAST_MATH = YES;
				ONLY_ACTIVE_ARCH = YES;
				SDKROOT = iphoneos;
				SWIFT_ACTIVE_COMPILATION_CONDITIONS = DEBUG;
				SWIFT_OPTIMIZATION_LEVEL = "-Onone";
			};
			name = Debug;
		};
		C45DF03A250D2633003017BD /* Release */ = {
			isa = XCBuildConfiguration;
			buildSettings = {
				ALWAYS_SEARCH_USER_PATHS = NO;
				CLANG_ANALYZER_NONNULL = YES;
				CLANG_ANALYZER_NUMBER_OBJECT_CONVERSION = YES_AGGRESSIVE;
				CLANG_CXX_LANGUAGE_STANDARD = "gnu++14";
				CLANG_CXX_LIBRARY = "libc++";
				CLANG_ENABLE_MODULES = YES;
				CLANG_ENABLE_OBJC_ARC = YES;
				CLANG_ENABLE_OBJC_WEAK = YES;
				CLANG_WARN_BLOCK_CAPTURE_AUTORELEASING = YES;
				CLANG_WARN_BOOL_CONVERSION = YES;
				CLANG_WARN_COMMA = YES;
				CLANG_WARN_CONSTANT_CONVERSION = YES;
				CLANG_WARN_DEPRECATED_OBJC_IMPLEMENTATIONS = YES;
				CLANG_WARN_DIRECT_OBJC_ISA_USAGE = YES_ERROR;
				CLANG_WARN_DOCUMENTATION_COMMENTS = YES;
				CLANG_WARN_EMPTY_BODY = YES;
				CLANG_WARN_ENUM_CONVERSION = YES;
				CLANG_WARN_INFINITE_RECURSION = YES;
				CLANG_WARN_INT_CONVERSION = YES;
				CLANG_WARN_NON_LITERAL_NULL_CONVERSION = YES;
				CLANG_WARN_OBJC_IMPLICIT_RETAIN_SELF = YES;
				CLANG_WARN_OBJC_LITERAL_CONVERSION = YES;
				CLANG_WARN_OBJC_ROOT_CLASS = YES_ERROR;
				CLANG_WARN_RANGE_LOOP_ANALYSIS = YES;
				CLANG_WARN_STRICT_PROTOTYPES = YES;
				CLANG_WARN_SUSPICIOUS_MOVE = YES;
				CLANG_WARN_UNGUARDED_AVAILABILITY = YES_AGGRESSIVE;
				CLANG_WARN_UNREACHABLE_CODE = YES;
				CLANG_WARN__DUPLICATE_METHOD_MATCH = YES;
				COPY_PHASE_STRIP = NO;
				DEBUG_INFORMATION_FORMAT = "dwarf-with-dsym";
				ENABLE_NS_ASSERTIONS = NO;
				ENABLE_STRICT_OBJC_MSGSEND = YES;
				GCC_C_LANGUAGE_STANDARD = gnu11;
				GCC_NO_COMMON_BLOCKS = YES;
				GCC_WARN_64_TO_32_BIT_CONVERSION = YES;
				GCC_WARN_ABOUT_RETURN_TYPE = YES_ERROR;
				GCC_WARN_UNDECLARED_SELECTOR = YES;
				GCC_WARN_UNINITIALIZED_AUTOS = YES_AGGRESSIVE;
				GCC_WARN_UNUSED_FUNCTION = YES;
				GCC_WARN_UNUSED_VARIABLE = YES;
				IPHONEOS_DEPLOYMENT_TARGET = 13.7;
				MTL_ENABLE_DEBUG_INFO = NO;
				MTL_FAST_MATH = YES;
				SDKROOT = iphoneos;
				SWIFT_COMPILATION_MODE = wholemodule;
				SWIFT_OPTIMIZATION_LEVEL = "-O";
				VALIDATE_PRODUCT = YES;
			};
			name = Release;
		};
		C45DF03C250D2633003017BD /* Debug */ = {
			isa = XCBuildConfiguration;
			buildSettings = {
				ASSETCATALOG_COMPILER_APPICON_NAME = AppIcon;
				CODE_SIGN_STYLE = Automatic;
				DEVELOPMENT_TEAM = V26939G26U;
				INFOPLIST_FILE = RepoWatcher/Info.plist;
				IPHONEOS_DEPLOYMENT_TARGET = 10.0;
				LD_RUNPATH_SEARCH_PATHS = (
					"$(inherited)",
					"@executable_path/Frameworks",
				);
				PRODUCT_BUNDLE_IDENTIFIER = com.peka.RepoWatcher;
				PRODUCT_NAME = "$(TARGET_NAME)";
				SWIFT_VERSION = 5.0;
				TARGETED_DEVICE_FAMILY = "1,2";
			};
			name = Debug;
		};
		C45DF03D250D2633003017BD /* Release */ = {
			isa = XCBuildConfiguration;
			buildSettings = {
				ASSETCATALOG_COMPILER_APPICON_NAME = AppIcon;
				CODE_SIGN_STYLE = Automatic;
				DEVELOPMENT_TEAM = V26939G26U;
				INFOPLIST_FILE = RepoWatcher/Info.plist;
				IPHONEOS_DEPLOYMENT_TARGET = 10.0;
				LD_RUNPATH_SEARCH_PATHS = (
					"$(inherited)",
					"@executable_path/Frameworks",
				);
				PRODUCT_BUNDLE_IDENTIFIER = com.peka.RepoWatcher;
				PRODUCT_NAME = "$(TARGET_NAME)";
				SWIFT_VERSION = 5.0;
				TARGETED_DEVICE_FAMILY = "1,2";
			};
			name = Release;
		};
/* End XCBuildConfiguration section */

/* Begin XCConfigurationList section */
		C45DF022250D2631003017BD /* Build configuration list for PBXProject "RepoWatcher" */ = {
			isa = XCConfigurationList;
			buildConfigurations = (
				C45DF039250D2633003017BD /* Debug */,
				C45DF03A250D2633003017BD /* Release */,
			);
			defaultConfigurationIsVisible = 0;
			defaultConfigurationName = Release;
		};
		C45DF03B250D2633003017BD /* Build configuration list for PBXNativeTarget "RepoWatcher" */ = {
			isa = XCConfigurationList;
			buildConfigurations = (
				C45DF03C250D2633003017BD /* Debug */,
				C45DF03D250D2633003017BD /* Release */,
			);
			defaultConfigurationIsVisible = 0;
			defaultConfigurationName = Release;
		};
/* End XCConfigurationList section */
	};
	rootObject = C45DF01F250D2631003017BD /* Project object */;
}
